
Microsoft Visual Studio Solution File, Format Version 12.00
# Visual Studio Version 17
VisualStudioVersion = 17.0.31912.275
MinimumVisualStudioVersion = 10.0.40219.1
Project("{9A19103F-16F7-4668-BE54-9A1E7A4F7556}") = "Rabo.RiskTest.UnitTests", "Rabo.RiskTest.UnitTests\Rabo.RiskTest.UnitTests.csproj", "{C92C7940-5F10-425A-BC1C-D059D2F423F6}"
EndProject
Project("{9A19103F-16F7-4668-BE54-9A1E7A4F7556}") = "Rabo.RiskTest", "Rabo.RiskTest\Rabo.RiskTest.csproj", "{74775E17-C8DA-4A2D-B105-C3FD14C96F77}"
EndProject
Global
	GlobalSection(SolutionConfigurationPlatforms) = preSolution
		Debug|Any CPU = Debug|Any CPU
		Release|Any CPU = Release|Any CPU
	EndGlobalSection
	GlobalSection(ProjectConfigurationPlatforms) = postSolution
		{C92C7940-5F10-425A-BC1C-D059D2F423F6}.Debug|Any CPU.ActiveCfg = Debug|Any CPU
		{C92C7940-5F10-425A-BC1C-D059D2F423F6}.Debug|Any CPU.Build.0 = Debug|Any CPU
		{C92C7940-5F10-425A-BC1C-D059D2F423F6}.Release|Any CPU.ActiveCfg = Release|Any CPU
		{C92C7940-5F10-425A-BC1C-D059D2F423F6}.Release|Any CPU.Build.0 = Release|Any CPU
		{74775E17-C8DA-4A2D-B105-C3FD14C96F77}.Debug|Any CPU.ActiveCfg = Debug|Any CPU
		{74775E17-C8DA-4A2D-B105-C3FD14C96F77}.Debug|Any CPU.Build.0 = Debug|Any CPU
		{74775E17-C8DA-4A2D-B105-C3FD14C96F77}.Release|Any CPU.ActiveCfg = Release|Any CPU
		{74775E17-C8DA-4A2D-B105-C3FD14C96F77}.Release|Any CPU.Build.0 = Release|Any CPU
	EndGlobalSection
	GlobalSection(SolutionProperties) = preSolution
		HideSolutionNode = FALSE
	EndGlobalSection
	GlobalSection(ExtensibilityGlobals) = postSolution
		SolutionGuid = {29B755AF-8A78-4054-BFAC-1A97D4564255}
	EndGlobalSection
EndGlobal
